
Microsoft Visual Studio Solution File, Format Version 12.00
# Visual Studio 15
VisualStudioVersion = 15.0.27703.2026
MinimumVisualStudioVersion = 10.0.40219.1
Project("{FAE04EC0-301F-11D3-BF4B-00C04F79EFBC}") = "TestXamarinBench.Android", "TestXamarinBench\TestXamarinBench.Android\TestXamarinBench.Android.csproj", "{8283EDF8-FDB5-40F8-BFE9-6D885CADF328}"
EndProject
Project("{FAE04EC0-301F-11D3-BF4B-00C04F79EFBC}") = "TestXamarinBench.iOS", "TestXamarinBench\TestXamarinBench.iOS\TestXamarinBench.iOS.csproj", "{65216098-C48C-4786-B807-FDFCF4CAF67F}"
EndProject
Project("{FAE04EC0-301F-11D3-BF4B-00C04F79EFBC}") = "TestXamarinBench", "TestXamarinBench\TestXamarinBench\TestXamarinBench.csproj", "{77471D89-B38F-495D-9791-54F44DC2215C}"
EndProject
Global
	GlobalSection(SolutionConfigurationPlatforms) = preSolution
		Ad-Hoc|Any CPU = Ad-Hoc|Any CPU
		Ad-Hoc|iPhone = Ad-Hoc|iPhone
		Ad-Hoc|iPhoneSimulator = Ad-Hoc|iPhoneSimulator
		AppStore|Any CPU = AppStore|Any CPU
		AppStore|iPhone = AppStore|iPhone
		AppStore|iPhoneSimulator = AppStore|iPhoneSimulator
		Debug|Any CPU = Debug|Any CPU
		Debug|iPhone = Debug|iPhone
		Debug|iPhoneSimulator = Debug|iPhoneSimulator
		Release|Any CPU = Release|Any CPU
		Release|iPhone = Release|iPhone
		Release|iPhoneSimulator = Release|iPhoneSimulator
	EndGlobalSection
	GlobalSection(ProjectConfigurationPlatforms) = postSolution
		{8283EDF8-FDB5-40F8-BFE9-6D885CADF328}.Ad-Hoc|Any CPU.ActiveCfg = Release|Any CPU
		{8283EDF8-FDB5-40F8-BFE9-6D885CADF328}.Ad-Hoc|Any CPU.Build.0 = Release|Any CPU
		{8283EDF8-FDB5-40F8-BFE9-6D885CADF328}.Ad-Hoc|Any CPU.Deploy.0 = Release|Any CPU
		{8283EDF8-FDB5-40F8-BFE9-6D885CADF328}.Ad-Hoc|iPhone.ActiveCfg = Release|Any CPU
		{8283EDF8-FDB5-40F8-BFE9-6D885CADF328}.Ad-Hoc|iPhone.Build.0 = Release|Any CPU
		{8283EDF8-FDB5-40F8-BFE9-6D885CADF328}.Ad-Hoc|iPhone.Deploy.0 = Release|Any CPU
		{8283EDF8-FDB5-40F8-BFE9-6D885CADF328}.Ad-Hoc|iPhoneSimulator.ActiveCfg = Release|Any CPU
		{8283EDF8-FDB5-40F8-BFE9-6D885CADF328}.Ad-Hoc|iPhoneSimulator.Build.0 = Release|Any CPU
		{8283EDF8-FDB5-40F8-BFE9-6D885CADF328}.Ad-Hoc|iPhoneSimulator.Deploy.0 = Release|Any CPU
		{8283EDF8-FDB5-40F8-BFE9-6D885CADF328}.AppStore|Any CPU.ActiveCfg = Release|Any CPU
		{8283EDF8-FDB5-40F8-BFE9-6D885CADF328}.AppStore|Any CPU.Build.0 = Release|Any CPU
		{8283EDF8-FDB5-40F8-BFE9-6D885CADF328}.AppStore|Any CPU.Deploy.0 = Release|Any CPU
		{8283EDF8-FDB5-40F8-BFE9-6D885CADF328}.AppStore|iPhone.ActiveCfg = Release|Any CPU
		{8283EDF8-FDB5-40F8-BFE9-6D885CADF328}.AppStore|iPhone.Build.0 = Release|Any CPU
		{8283EDF8-FDB5-40F8-BFE9-6D885CADF328}.AppStore|iPhone.Deploy.0 = Release|Any CPU
		{8283EDF8-FDB5-40F8-BFE9-6D885CADF328}.AppStore|iPhoneSimulator.ActiveCfg = Release|Any CPU
		{8283EDF8-FDB5-40F8-BFE9-6D885CADF328}.AppStore|iPhoneSimulator.Build.0 = Release|Any CPU
		{8283EDF8-FDB5-40F8-BFE9-6D885CADF328}.AppStore|iPhoneSimulator.Deploy.0 = Release|Any CPU
		{8283EDF8-FDB5-40F8-BFE9-6D885CADF328}.Debug|Any CPU.ActiveCfg = Debug|Any CPU
		{8283EDF8-FDB5-40F8-BFE9-6D885CADF328}.Debug|Any CPU.Build.0 = Debug|Any CPU
		{8283EDF8-FDB5-40F8-BFE9-6D885CADF328}.Debug|Any CPU.Deploy.0 = Debug|Any CPU
		{8283EDF8-FDB5-40F8-BFE9-6D885CADF328}.Debug|iPhone.ActiveCfg = Debug|Any CPU
		{8283EDF8-FDB5-40F8-BFE9-6D885CADF328}.Debug|iPhone.Build.0 = Debug|Any CPU
		{8283EDF8-FDB5-40F8-BFE9-6D885CADF328}.Debug|iPhone.Deploy.0 = Debug|Any CPU
		{8283EDF8-FDB5-40F8-BFE9-6D885CADF328}.Debug|iPhoneSimulator.ActiveCfg = Debug|Any CPU
		{8283EDF8-FDB5-40F8-BFE9-6D885CADF328}.Debug|iPhoneSimulator.Build.0 = Debug|Any CPU
		{8283EDF8-FDB5-40F8-BFE9-6D885CADF328}.Debug|iPhoneSimulator.Deploy.0 = Debug|Any CPU
		{8283EDF8-FDB5-40F8-BFE9-6D885CADF328}.Release|Any CPU.ActiveCfg = Release|Any CPU
		{8283EDF8-FDB5-40F8-BFE9-6D885CADF328}.Release|Any CPU.Build.0 = Release|Any CPU
		{8283EDF8-FDB5-40F8-BFE9-6D885CADF328}.Release|Any CPU.Deploy.0 = Release|Any CPU
		{8283EDF8-FDB5-40F8-BFE9-6D885CADF328}.Release|iPhone.ActiveCfg = Release|Any CPU
		{8283EDF8-FDB5-40F8-BFE9-6D885CADF328}.Release|iPhone.Build.0 = Release|Any CPU
		{8283EDF8-FDB5-40F8-BFE9-6D885CADF328}.Release|iPhone.Deploy.0 = Release|Any CPU
		{8283EDF8-FDB5-40F8-BFE9-6D885CADF328}.Release|iPhoneSimulator.ActiveCfg = Release|Any CPU
		{8283EDF8-FDB5-40F8-BFE9-6D885CADF328}.Release|iPhoneSimulator.Build.0 = Release|Any CPU
		{8283EDF8-FDB5-40F8-BFE9-6D885CADF328}.Release|iPhoneSimulator.Deploy.0 = Release|Any CPU
		{65216098-C48C-4786-B807-FDFCF4CAF67F}.Ad-Hoc|Any CPU.ActiveCfg = Ad-Hoc|iPhone
		{65216098-C48C-4786-B807-FDFCF4CAF67F}.Ad-Hoc|Any CPU.Build.0 = Ad-Hoc|iPhone
		{65216098-C48C-4786-B807-FDFCF4CAF67F}.Ad-Hoc|Any CPU.Deploy.0 = Ad-Hoc|iPhone
		{65216098-C48C-4786-B807-FDFCF4CAF67F}.Ad-Hoc|iPhone.ActiveCfg = Ad-Hoc|iPhone
		{65216098-C48C-4786-B807-FDFCF4CAF67F}.Ad-Hoc|iPhone.Build.0 = Ad-Hoc|iPhone
		{65216098-C48C-4786-B807-FDFCF4CAF67F}.Ad-Hoc|iPhone.Deploy.0 = Ad-Hoc|iPhone
		{65216098-C48C-4786-B807-FDFCF4CAF67F}.Ad-Hoc|iPhoneSimulator.ActiveCfg = Ad-Hoc|iPhoneSimulator
		{65216098-C48C-4786-B807-FDFCF4CAF67F}.Ad-Hoc|iPhoneSimulator.Build.0 = Ad-Hoc|iPhoneSimulator
		{65216098-C48C-4786-B807-FDFCF4CAF67F}.Ad-Hoc|iPhoneSimulator.Deploy.0 = Ad-Hoc|iPhoneSimulator
		{65216098-C48C-4786-B807-FDFCF4CAF67F}.AppStore|Any CPU.ActiveCfg = AppStore|iPhone
		{65216098-C48C-4786-B807-FDFCF4CAF67F}.AppStore|Any CPU.Build.0 = AppStore|iPhone
		{65216098-C48C-4786-B807-FDFCF4CAF67F}.AppStore|Any CPU.Deploy.0 = AppStore|iPhone
		{65216098-C48C-4786-B807-FDFCF4CAF67F}.AppStore|iPhone.ActiveCfg = AppStore|iPhone
		{65216098-C48C-4786-B807-FDFCF4CAF67F}.AppStore|iPhone.Build.0 = AppStore|iPhone
		{65216098-C48C-4786-B807-FDFCF4CAF67F}.AppStore|iPhone.Deploy.0 = AppStore|iPhone
		{65216098-C48C-4786-B807-FDFCF4CAF67F}.AppStore|iPhoneSimulator.ActiveCfg = AppStore|iPhoneSimulator
		{65216098-C48C-4786-B807-FDFCF4CAF67F}.AppStore|iPhoneSimulator.Build.0 = AppStore|iPhoneSimulator
		{65216098-C48C-4786-B807-FDFCF4CAF67F}.AppStore|iPhoneSimulator.Deploy.0 = AppStore|iPhoneSimulator
		{65216098-C48C-4786-B807-FDFCF4CAF67F}.Debug|Any CPU.ActiveCfg = Debug|iPhoneSimulator
		{65216098-C48C-4786-B807-FDFCF4CAF67F}.Debug|Any CPU.Build.0 = Debug|iPhoneSimulator
		{65216098-C48C-4786-B807-FDFCF4CAF67F}.Debug|Any CPU.Deploy.0 = Debug|iPhoneSimulator
		{65216098-C48C-4786-B807-FDFCF4CAF67F}.Debug|iPhone.ActiveCfg = Debug|iPhone
		{65216098-C48C-4786-B807-FDFCF4CAF67F}.Debug|iPhone.Build.0 = Debug|iPhone
		{65216098-C48C-4786-B807-FDFCF4CAF67F}.Debug|iPhone.Deploy.0 = Debug|iPhone
		{65216098-C48C-4786-B807-FDFCF4CAF67F}.Debug|iPhoneSimulator.ActiveCfg = Debug|iPhoneSimulator
		{65216098-C48C-4786-B807-FDFCF4CAF67F}.Debug|iPhoneSimulator.Build.0 = Debug|iPhoneSimulator
		{65216098-C48C-4786-B807-FDFCF4CAF67F}.Debug|iPhoneSimulator.Deploy.0 = Debug|iPhoneSimulator
		{65216098-C48C-4786-B807-FDFCF4CAF67F}.Release|Any CPU.ActiveCfg = Release|iPhone
		{65216098-C48C-4786-B807-FDFCF4CAF67F}.Release|Any CPU.Build.0 = Release|iPhone
		{65216098-C48C-4786-B807-FDFCF4CAF67F}.Release|Any CPU.Deploy.0 = Release|iPhone
		{65216098-C48C-4786-B807-FDFCF4CAF67F}.Release|iPhone.ActiveCfg = Release|iPhone
		{65216098-C48C-4786-B807-FDFCF4CAF67F}.Release|iPhone.Build.0 = Release|iPhone
		{65216098-C48C-4786-B807-FDFCF4CAF67F}.Release|iPhone.Deploy.0 = Release|iPhone
		{65216098-C48C-4786-B807-FDFCF4CAF67F}.Release|iPhoneSimulator.ActiveCfg = Release|iPhoneSimulator
		{65216098-C48C-4786-B807-FDFCF4CAF67F}.Release|iPhoneSimulator.Build.0 = Release|iPhoneSimulator
		{65216098-C48C-4786-B807-FDFCF4CAF67F}.Release|iPhoneSimulator.Deploy.0 = Release|iPhoneSimulator
		{77471D89-B38F-495D-9791-54F44DC2215C}.Ad-Hoc|Any CPU.ActiveCfg = Debug|Any CPU
		{77471D89-B38F-495D-9791-54F44DC2215C}.Ad-Hoc|Any CPU.Build.0 = Debug|Any CPU
		{77471D89-B38F-495D-9791-54F44DC2215C}.Ad-Hoc|Any CPU.Deploy.0 = Debug|Any CPU
		{77471D89-B38F-495D-9791-54F44DC2215C}.Ad-Hoc|iPhone.ActiveCfg = Debug|Any CPU
		{77471D89-B38F-495D-9791-54F44DC2215C}.Ad-Hoc|iPhone.Build.0 = Debug|Any CPU
		{77471D89-B38F-495D-9791-54F44DC2215C}.Ad-Hoc|iPhone.Deploy.0 = Debug|Any CPU
		{77471D89-B38F-495D-9791-54F44DC2215C}.Ad-Hoc|iPhoneSimulator.ActiveCfg = Debug|Any CPU
		{77471D89-B38F-495D-9791-54F44DC2215C}.Ad-Hoc|iPhoneSimulator.Build.0 = Debug|Any CPU
		{77471D89-B38F-495D-9791-54F44DC2215C}.Ad-Hoc|iPhoneSimulator.Deploy.0 = Debug|Any CPU
		{77471D89-B38F-495D-9791-54F44DC2215C}.AppStore|Any CPU.ActiveCfg = Debug|Any CPU
		{77471D89-B38F-495D-9791-54F44DC2215C}.AppStore|Any CPU.Build.0 = Debug|Any CPU
		{77471D89-B38F-495D-9791-54F44DC2215C}.AppStore|Any CPU.Deploy.0 = Debug|Any CPU
		{77471D89-B38F-495D-9791-54F44DC2215C}.AppStore|iPhone.ActiveCfg = Debug|Any CPU
		{77471D89-B38F-495D-9791-54F44DC2215C}.AppStore|iPhone.Build.0 = Debug|Any CPU
		{77471D89-B38F-495D-9791-54F44DC2215C}.AppStore|iPhone.Deploy.0 = Debug|Any CPU
		{77471D89-B38F-495D-9791-54F44DC2215C}.AppStore|iPhoneSimulator.ActiveCfg = Debug|Any CPU
		{77471D89-B38F-495D-9791-54F44DC2215C}.AppStore|iPhoneSimulator.Build.0 = Debug|Any CPU
		{77471D89-B38F-495D-9791-54F44DC2215C}.AppStore|iPhoneSimulator.Deploy.0 = Debug|Any CPU
		{77471D89-B38F-495D-9791-54F44DC2215C}.Debug|Any CPU.ActiveCfg = Debug|Any CPU
		{77471D89-B38F-495D-9791-54F44DC2215C}.Debug|Any CPU.Build.0 = Debug|Any CPU
		{77471D89-B38F-495D-9791-54F44DC2215C}.Debug|Any CPU.Deploy.0 = Debug|Any CPU
		{77471D89-B38F-495D-9791-54F44DC2215C}.Debug|iPhone.ActiveCfg = Debug|Any CPU
		{77471D89-B38F-495D-9791-54F44DC2215C}.Debug|iPhone.Build.0 = Debug|Any CPU
		{77471D89-B38F-495D-9791-54F44DC2215C}.Debug|iPhone.Deploy.0 = Debug|Any CPU
		{77471D89-B38F-495D-9791-54F44DC2215C}.Debug|iPhoneSimulator.ActiveCfg = Debug|Any CPU
		{77471D89-B38F-495D-9791-54F44DC2215C}.Debug|iPhoneSimulator.Build.0 = Debug|Any CPU
		{77471D89-B38F-495D-9791-54F44DC2215C}.Debug|iPhoneSimulator.Deploy.0 = Debug|Any CPU
		{77471D89-B38F-495D-9791-54F44DC2215C}.Release|Any CPU.ActiveCfg = Release|Any CPU
		{77471D89-B38F-495D-9791-54F44DC2215C}.Release|Any CPU.Build.0 = Release|Any CPU
		{77471D89-B38F-495D-9791-54F44DC2215C}.Release|Any CPU.Deploy.0 = Release|Any CPU
		{77471D89-B38F-495D-9791-54F44DC2215C}.Release|iPhone.ActiveCfg = Release|Any CPU
		{77471D89-B38F-495D-9791-54F44DC2215C}.Release|iPhone.Build.0 = Release|Any CPU
		{77471D89-B38F-495D-9791-54F44DC2215C}.Release|iPhone.Deploy.0 = Release|Any CPU
		{77471D89-B38F-495D-9791-54F44DC2215C}.Release|iPhoneSimulator.ActiveCfg = Release|Any CPU
		{77471D89-B38F-495D-9791-54F44DC2215C}.Release|iPhoneSimulator.Build.0 = Release|Any CPU
		{77471D89-B38F-495D-9791-54F44DC2215C}.Release|iPhoneSimulator.Deploy.0 = Release|Any CPU
	EndGlobalSection
	GlobalSection(SolutionProperties) = preSolution
		HideSolutionNode = FALSE
	EndGlobalSection
	GlobalSection(ExtensibilityGlobals) = postSolution
		SolutionGuid = {399E96D6-0A1C-486B-87BC-549AEFC6D9AC}
	EndGlobalSection
EndGlobal
